<?xml version="1.0" encoding="utf-8"?>
<Project ToolsVersion="4.0" xmlns="http://schemas.microsoft.com/developer/msbuild/2003">
  <ItemGroup>
    <Filter Include="Source Files">
      <UniqueIdentifier>{4FC737F1-C7A5-4376-A066-2A32D752A2FF}</UniqueIdentifier>
      <Extensions>cpp;c;cc;cxx;c++;cppm;ixx;def;odl;idl;hpj;bat;asm;asmx</Extensions>
    </Filter>
    <Filter Include="Header Files">
      <UniqueIdentifier>{93995380-89BD-4b04-88EB-625FBE52EBFB}</UniqueIdentifier>
      <Extensions>h;hh;hpp;hxx;h++;hm;inl;inc;ipp;xsd</Extensions>
    </Filter>
    <Filter Include="Resource Files">
      <UniqueIdentifier>{67DA6AB6-F800-4c08-8B7A-83BB121AAD01}</UniqueIdentifier>
      <Extensions>rc;ico;cur;bmp;dlg;rc2;rct;bin;rgs;gif;jpg;jpeg;jpe;resx;tiff;tif;png;wav;mfcribbon-ms</Extensions>
    </Filter>
    <Filter Include="solona_bot">
      <UniqueIdentifier>{73d49cdc-d170-4a50-a52b-e466ad53ba7a}</UniqueIdentifier>
    </Filter>
  </ItemGroup>
  <ItemGroup>
    <ClCompile Include="main.cpp">
      <Filter>Source Files</Filter>
    </ClCompile>
    <ClCompile Include="crypto\trackers\dex\dexscreener.cpp">
      <Filter>Source Files</Filter>
    </ClCompile>
    <ClCompile Include="crypto\rpc\crypto\base58.cpp">
      <Filter>Source Files</Filter>
    </ClCompile>
    <ClCompile Include="crypto\rpc\rpc.cpp">
      <Filter>Source Files</Filter>
    </ClCompile>
    <ClCompile Include="crypto\exchanges\dex\jupiter.cpp">
      <Filter>Source Files</Filter>
    </ClCompile>
    <ClCompile Include="crypto\wallet\wallet.cpp">
      <Filter>Source Files</Filter>
    </ClCompile>
    <ClCompile Include="crypto\exchanges\dex\uniswap.cpp">
      <Filter>Source Files</Filter>
    </ClCompile>
    <ClCompile Include="crypto\trackers\dex\geckoterminal.cpp">
      <Filter>Source Files</Filter>
    </ClCompile>
    <ClCompile Include="crypto\exchanges\dex\kyberswap.cpp">
      <Filter>Source Files</Filter>
    </ClCompile>
    <ClCompile Include="crypto\exchanges\dex\sushiswap.cpp">
      <Filter>Source Files</Filter>
    </ClCompile>
    <ClCompile Include="crypto\exchanges\dex\paraswap.cpp">
      <Filter>Source Files</Filter>
    </ClCompile>
    <ClCompile Include="crypto\exchanges\dex\raydium.cpp">
      <Filter>Source Files</Filter>
    </ClCompile>
    <ClCompile Include="crypto\serializer\serializer.cpp">
      <Filter>Source Files</Filter>
    </ClCompile>
    <ClCompile Include="crypto\exchanges\cex\mexc.cpp">
      <Filter>Source Files</Filter>
    </ClCompile>
    <ClCompile Include="crypto\checker\checker.cpp">
      <Filter>Source Files</Filter>
    </ClCompile>
    <ClCompile Include="crypto\exchanges\dex\photon.cpp">
      <Filter>Source Files</Filter>
    </ClCompile>
    <ClCompile Include="crypto\exchanges\dex\pumpfun.cpp">
      <Filter>Source Files</Filter>
    </ClCompile>
    <ClCompile Include="crypto\crypto.cpp">
      <Filter>Source Files</Filter>
    </ClCompile>
    <ClCompile Include="crypto\curve25519\custom\random.c">
      <Filter>Source Files</Filter>
    </ClCompile>
    <ClCompile Include="crypto\curve25519\source\curve25519_dh.c">
      <Filter>Source Files</Filter>
    </ClCompile>
    <ClCompile Include="crypto\curve25519\source\curve25519_mehdi.c">
      <Filter>Source Files</Filter>
    </ClCompile>
    <ClCompile Include="crypto\curve25519\source\curve25519_order.c">
      <Filter>Source Files</Filter>
    </ClCompile>
    <ClCompile Include="crypto\curve25519\source\curve25519_utils.c">
      <Filter>Source Files</Filter>
    </ClCompile>
    <ClCompile Include="crypto\curve25519\source\custom_blind.c">
      <Filter>Source Files</Filter>
    </ClCompile>
    <ClCompile Include="crypto\curve25519\source\ed25519_sign.c">
      <Filter>Source Files</Filter>
    </ClCompile>
    <ClCompile Include="crypto\curve25519\source\ed25519_verify.c">
      <Filter>Source Files</Filter>
    </ClCompile>
    <ClCompile Include="crypto\curve25519\source\sha512.c">
      <Filter>Source Files</Filter>
    </ClCompile>
    <ClCompile Include="crypto\tx\tx.cpp">
      <Filter>Source Files</Filter>
    </ClCompile>
  </ItemGroup>
  <ItemGroup>
    <ClInclude Include="crypto\rpc\crypto\base58.hpp">
      <Filter>Header Files</Filter>
    </ClInclude>
    <ClInclude Include="crypto\rpc\rpc.hpp">
      <Filter>Header Files</Filter>
    </ClInclude>
    <ClInclude Include="crypto\crypto.hpp">
      <Filter>Header Files</Filter>
    </ClInclude>
    <ClInclude Include="crypto\exchanges\exchanges.hpp">
      <Filter>Header Files</Filter>
    </ClInclude>
    <ClInclude Include="crypto\trackers\trackers.hpp">
      <Filter>Header Files</Filter>
    </ClInclude>
    <ClInclude Include="crypto\types.hpp">
      <Filter>Header Files</Filter>
    </ClInclude>
    <ClInclude Include="crypto\rpc\json_rpc.hpp">
      <Filter>Header Files</Filter>
    </ClInclude>
    <ClInclude Include="crypto\serializer\serializer.hpp">
      <Filter>Header Files</Filter>
    </ClInclude>
    <ClInclude Include="crypto\checker\checker.hpp">
      <Filter>Header Files</Filter>
    </ClInclude>
    <ClInclude Include="crypto\curve25519\custom\random.h">
      <Filter>Header Files</Filter>
    </ClInclude>
    <ClInclude Include="crypto\curve25519\include\curve25519_dh.h">
      <Filter>Header Files</Filter>
    </ClInclude>
    <ClInclude Include="crypto\curve25519\include\ed25519_signature.h">
      <Filter>Header Files</Filter>
    </ClInclude>
    <ClInclude Include="crypto\curve25519\include\external_calls.h">
      <Filter>Header Files</Filter>
    </ClInclude>
    <ClInclude Include="crypto\curve25519\source\base_folding8.h">
      <Filter>Header Files</Filter>
    </ClInclude>
    <ClInclude Include="crypto\curve25519\source\BaseTypes.h">
      <Filter>Header Files</Filter>
    </ClInclude>
    <ClInclude Include="crypto\curve25519\source\curve25519_mehdi.h">
      <Filter>Header Files</Filter>
    </ClInclude>
    <ClInclude Include="crypto\curve25519\source\custom_blind.h">
      <Filter>Header Files</Filter>
    </ClInclude>
    <ClInclude Include="crypto\curve25519\source\sha512.h">
      <Filter>Header Files</Filter>
    </ClInclude>
    <ClInclude Include="crypto\rpc\crypto\base64.hpp">
      <Filter>Header Files</Filter>
    </ClInclude>
    <ClInclude Include="crypto\tx\tx.hpp">
      <Filter>Header Files</Filter>
    </ClInclude>
    <ClInclude Include="crypto\solana\headers.hpp">
      <Filter>Header Files</Filter>
    </ClInclude>
    <ClInclude Include="crypto\solana\program.hpp">
      <Filter>Header Files</Filter>
    </ClInclude>
    <ClInclude Include="crypto\solana\accounts.hpp">
      <Filter>Header Files</Filter>
    </ClInclude>
    <ClInclude Include="crypto\solana\programs\sys\system.hpp">
      <Filter>Header Files</Filter>
    </ClInclude>
    <ClInclude Include="crypto\solana\programs\sys\budget.hpp">
      <Filter>Header Files</Filter>
    </ClInclude>
    <ClInclude Include="crypto\solana\programs\associated_token_account.hpp">
      <Filter>Header Files</Filter>
    </ClInclude>
    <ClInclude Include="crypto\solana\programs\dex\pumpfun.hpp">
      <Filter>Header Files</Filter>
    </ClInclude>
    <ClInclude Include="crypto\solana\programs\dex\raydium.hpp">
      <Filter>Header Files</Filter>
    </ClInclude>
    <ClInclude Include="crypto\solana\programs\dex\jupiter.hpp">
      <Filter>Header Files</Filter>
    </ClInclude>
    <ClInclude Include="crypto\solana\programs\loaner\marginfi.hpp">
      <Filter>Header Files</Filter>
    </ClInclude>
    <ClInclude Include="crypto\solana\programs\program_data.hpp">
      <Filter>Header Files</Filter>
    </ClInclude>
    <ClInclude Include="crypto\solana\programs\sys\token.hpp">
      <Filter>Header Files</Filter>
    </ClInclude>
    <ClInclude Include="crypto\solana\programs\dex\orca.hpp">
      <Filter>Header Files</Filter>
    </ClInclude>
    <ClInclude Include="crypto\solana\programs\sys\token2022.hpp">
      <Filter>Header Files</Filter>
    </ClInclude>
    <ClInclude Include="crypto\solana\pairs.hpp">
      <Filter>Header Files</Filter>
    </ClInclude>
    <ClInclude Include="crypto\solana\programs\sys\memo.hpp">
      <Filter>Header Files</Filter>
    </ClInclude>
    <ClInclude Include="crypto\solana\programs\dex\fluxbeam.hpp">
      <Filter>Header Files</Filter>
    </ClInclude>
    <ClInclude Include="crypto\solana\programs\dex\lifinity.hpp">
      <Filter>Header Files</Filter>
    </ClInclude>
    <ClInclude Include="crypto\solana\programs\dex\phoenix.hpp">
      <Filter>Header Files</Filter>
    </ClInclude>
  </ItemGroup>
  <ItemGroup>
    <None Include=".clang-format" />
    <None Include="packages.config" />
  </ItemGroup>
</Project>